{
  "name": "samples",
  "lockfileVersion": 3,
  "requires": true,
  "packages": {
    "": {
      "license": "Apache-2.0",
      "dependencies": {
        "@google/generative-ai": "*"
      },
      "engines": {
        "node": ">=18.0.0"
      }
    },
    "node_modules/@google/generative-ai": {
      "version": "0.21.0",
      "resolved": "https://registry.npmjs.org/@google/generative-ai/-/generative-ai-0.21.0.tgz",
      "integrity": "sha512-7XhUbtnlkSEZK15kN3t+tzIMxsbKm/dSkKBFalj+20NvPKe1kBY7mR2P7vuijEn+f06z5+A8bVGKO0v39cr6Wg==",
      "engines": {
        "node": ">=18.0.0"
      }
    }
  }
}
